
Microsoft Visual Studio Solution File, Format Version 12.00
# Visual Studio Version 16
VisualStudioVersion = 16.0.31129.286
MinimumVisualStudioVersion = 10.0.40219.1
Project("{9A19103F-16F7-4668-BE54-9A1E7A4F7556}") = "Week1.Demo", "Week1.Demo\Week1.Demo.csproj", "{CEA20598-E231-4A4D-A0AB-DF470B2BAA11}"
EndProject
Project("{9A19103F-16F7-4668-BE54-9A1E7A4F7556}") = "FigureGeometriche", "FigureGeometriche\FigureGeometriche.csproj", "{6013AE56-0F4C-40B1-8672-869FD22C47AE}"
EndProject
Project("{FAE04EC0-301F-11D3-BF4B-00C04F79EFBC}") = "Week1.Demo.FileWatcher", "Week1.Demo.FileWatcher\Week1.Demo.FileWatcher.csproj", "{07AE7D5C-883F-4200-B77E-AC083B44BBAD}"
EndProject
Global
	GlobalSection(SolutionConfigurationPlatforms) = preSolution
		Debug|Any CPU = Debug|Any CPU
		Release|Any CPU = Release|Any CPU
	EndGlobalSection
	GlobalSection(ProjectConfigurationPlatforms) = postSolution
		{CEA20598-E231-4A4D-A0AB-DF470B2BAA11}.Debug|Any CPU.ActiveCfg = Debug|Any CPU
		{CEA20598-E231-4A4D-A0AB-DF470B2BAA11}.Debug|Any CPU.Build.0 = Debug|Any CPU
		{CEA20598-E231-4A4D-A0AB-DF470B2BAA11}.Release|Any CPU.ActiveCfg = Release|Any CPU
		{CEA20598-E231-4A4D-A0AB-DF470B2BAA11}.Release|Any CPU.Build.0 = Release|Any CPU
		{6013AE56-0F4C-40B1-8672-869FD22C47AE}.Debug|Any CPU.ActiveCfg = Debug|Any CPU
		{6013AE56-0F4C-40B1-8672-869FD22C47AE}.Debug|Any CPU.Build.0 = Debug|Any CPU
		{6013AE56-0F4C-40B1-8672-869FD22C47AE}.Release|Any CPU.ActiveCfg = Release|Any CPU
		{6013AE56-0F4C-40B1-8672-869FD22C47AE}.Release|Any CPU.Build.0 = Release|Any CPU
		{07AE7D5C-883F-4200-B77E-AC083B44BBAD}.Debug|Any CPU.ActiveCfg = Debug|Any CPU
		{07AE7D5C-883F-4200-B77E-AC083B44BBAD}.Debug|Any CPU.Build.0 = Debug|Any CPU
		{07AE7D5C-883F-4200-B77E-AC083B44BBAD}.Release|Any CPU.ActiveCfg = Release|Any CPU
		{07AE7D5C-883F-4200-B77E-AC083B44BBAD}.Release|Any CPU.Build.0 = Release|Any CPU
	EndGlobalSection
	GlobalSection(SolutionProperties) = preSolution
		HideSolutionNode = FALSE
	EndGlobalSection
	GlobalSection(ExtensibilityGlobals) = postSolution
		SolutionGuid = {5A4532AC-EAA5-4123-9324-BAEA356F5D7F}
	EndGlobalSection
EndGlobal
